PODS:
  - Kanna (1.0.3)
  - Nimble (3.0.0)
  - Osmosis (0.1.0):
    - Kanna (~> 1.0.0)
  - Quick (0.8.0)

DEPENDENCIES:
  - Nimble (= 3.0.0)
  - Osmosis (from `../`)
  - Quick (~> 0.8.0)

EXTERNAL SOURCES:
  Osmosis:
    :path: ../

SPEC CHECKSUMS:
  Kanna: 10c7f20762846e808ec5716e4191427bd71bf1c2
  Nimble: 4c353d43735b38b545cbb4cb91504588eb5de926
  Osmosis: e30e21fc38c0d42ee74bf0873220d75f7be27a25
  Quick: 563d0f6ec5f72e394645adb377708639b7dd38ab

COCOAPODS: 0.39.0
